
Microsoft Visual Studio Solution File, Format Version 12.00
Project("{2150E333-8FDC-42A3-9474-1A3956D46DE8}") = "src", "src", "{1A8F46DA-9CCD-461D-A0D3-BD17CB3282FB}"
EndProject
Project("{2150E333-8FDC-42A3-9474-1A3956D46DE8}") = "Services", "Services", "{78D9C44F-A916-4CCE-9AC3-C9D05BA09F35}"
EndProject
Project("{2150E333-8FDC-42A3-9474-1A3956D46DE8}") = "Shared", "Shared", "{5448A5A5-6404-44AF-8F31-91AB7BBF7F65}"
EndProject
Project("{2150E333-8FDC-42A3-9474-1A3956D46DE8}") = "User", "User", "{3DCB0BB5-65EF-4471-A3EF-42AB5CB2734A}"
EndProject
Project("{FAE04EC0-301F-11D3-BF4B-00C04F79EFBC}") = "User.API", "src\Services\User\User.API\User.API.csproj", "{BA207C6B-C578-4A3B-BEE0-3E65E52713D2}"
EndProject
Project("{2150E333-8FDC-42A3-9474-1A3956D46DE8}") = "Solution Items", "Solution Items", "{598A1BC7-C74C-49C8-A076-CE9FE770AB12}"
	ProjectSection(SolutionItems) = preProject
		docker-compose.yml = docker-compose.yml
	EndProjectSection
EndProject
Project("{FAE04EC0-301F-11D3-BF4B-00C04F79EFBC}") = "Shared", "src\Shared\Shared\Shared.csproj", "{7A8F1B3D-57D4-424D-9853-76D7C5E4F592}"
EndProject
Project("{2150E333-8FDC-42A3-9474-1A3956D46DE8}") = "Post", "Post", "{73739AA4-2AC7-40EE-90DC-D4AB4F68CDA9}"
EndProject
Project("{FAE04EC0-301F-11D3-BF4B-00C04F79EFBC}") = "Post.API", "src\Services\Post\Post.API\Post.API.csproj", "{A90A35C2-78D8-47AE-9B83-7F4942506AE8}"
EndProject
Project("{2150E333-8FDC-42A3-9474-1A3956D46DE8}") = "Comment", "Comment", "{DADCD722-F320-4BCC-B534-E25F65FD7091}"
EndProject
Project("{FAE04EC0-301F-11D3-BF4B-00C04F79EFBC}") = "Comment.API", "src\Services\Comment\Comment.API\Comment.API.csproj", "{B6F1D490-BA38-4506-81FF-890B6E6DC479}"
EndProject
Project("{2150E333-8FDC-42A3-9474-1A3956D46DE8}") = "Notification", "Notification", "{D8571FD1-95E6-4D3A-98F4-DA3CDB6742D3}"
EndProject
Project("{FAE04EC0-301F-11D3-BF4B-00C04F79EFBC}") = "Notification.API", "src\Services\Notification\Notification.API\Notification.API.csproj", "{86E01EDF-BB07-4912-B256-8F92076A49B4}"
EndProject
Project("{2150E333-8FDC-42A3-9474-1A3956D46DE8}") = "Friendship", "Friendship", "{C38D8BEC-8994-4768-B719-09C1BE42A7CA}"
EndProject
Project("{FAE04EC0-301F-11D3-BF4B-00C04F79EFBC}") = "Friendship.API", "src\Services\Friendship\Friendship.API\Friendship.API.csproj", "{116A0627-3D2C-4558-9170-9FA75CF8E665}"
EndProject
Global
	GlobalSection(SolutionConfigurationPlatforms) = preSolution
		Debug|Any CPU = Debug|Any CPU
		Release|Any CPU = Release|Any CPU
	EndGlobalSection
	GlobalSection(NestedProjects) = preSolution
		{78D9C44F-A916-4CCE-9AC3-C9D05BA09F35} = {1A8F46DA-9CCD-461D-A0D3-BD17CB3282FB}
		{5448A5A5-6404-44AF-8F31-91AB7BBF7F65} = {1A8F46DA-9CCD-461D-A0D3-BD17CB3282FB}
		{3DCB0BB5-65EF-4471-A3EF-42AB5CB2734A} = {78D9C44F-A916-4CCE-9AC3-C9D05BA09F35}
		{BA207C6B-C578-4A3B-BEE0-3E65E52713D2} = {3DCB0BB5-65EF-4471-A3EF-42AB5CB2734A}
		{7A8F1B3D-57D4-424D-9853-76D7C5E4F592} = {5448A5A5-6404-44AF-8F31-91AB7BBF7F65}
		{73739AA4-2AC7-40EE-90DC-D4AB4F68CDA9} = {78D9C44F-A916-4CCE-9AC3-C9D05BA09F35}
		{A90A35C2-78D8-47AE-9B83-7F4942506AE8} = {73739AA4-2AC7-40EE-90DC-D4AB4F68CDA9}
		{DADCD722-F320-4BCC-B534-E25F65FD7091} = {78D9C44F-A916-4CCE-9AC3-C9D05BA09F35}
		{B6F1D490-BA38-4506-81FF-890B6E6DC479} = {DADCD722-F320-4BCC-B534-E25F65FD7091}
		{D8571FD1-95E6-4D3A-98F4-DA3CDB6742D3} = {78D9C44F-A916-4CCE-9AC3-C9D05BA09F35}
		{86E01EDF-BB07-4912-B256-8F92076A49B4} = {D8571FD1-95E6-4D3A-98F4-DA3CDB6742D3}
		{C38D8BEC-8994-4768-B719-09C1BE42A7CA} = {78D9C44F-A916-4CCE-9AC3-C9D05BA09F35}
		{116A0627-3D2C-4558-9170-9FA75CF8E665} = {C38D8BEC-8994-4768-B719-09C1BE42A7CA}
	EndGlobalSection
	GlobalSection(ProjectConfigurationPlatforms) = postSolution
		{BA207C6B-C578-4A3B-BEE0-3E65E52713D2}.Debug|Any CPU.ActiveCfg = Debug|Any CPU
		{BA207C6B-C578-4A3B-BEE0-3E65E52713D2}.Debug|Any CPU.Build.0 = Debug|Any CPU
		{BA207C6B-C578-4A3B-BEE0-3E65E52713D2}.Release|Any CPU.ActiveCfg = Release|Any CPU
		{BA207C6B-C578-4A3B-BEE0-3E65E52713D2}.Release|Any CPU.Build.0 = Release|Any CPU
		{7A8F1B3D-57D4-424D-9853-76D7C5E4F592}.Debug|Any CPU.ActiveCfg = Debug|Any CPU
		{7A8F1B3D-57D4-424D-9853-76D7C5E4F592}.Debug|Any CPU.Build.0 = Debug|Any CPU
		{7A8F1B3D-57D4-424D-9853-76D7C5E4F592}.Release|Any CPU.ActiveCfg = Release|Any CPU
		{7A8F1B3D-57D4-424D-9853-76D7C5E4F592}.Release|Any CPU.Build.0 = Release|Any CPU
		{A90A35C2-78D8-47AE-9B83-7F4942506AE8}.Debug|Any CPU.ActiveCfg = Debug|Any CPU
		{A90A35C2-78D8-47AE-9B83-7F4942506AE8}.Debug|Any CPU.Build.0 = Debug|Any CPU
		{A90A35C2-78D8-47AE-9B83-7F4942506AE8}.Release|Any CPU.ActiveCfg = Release|Any CPU
		{A90A35C2-78D8-47AE-9B83-7F4942506AE8}.Release|Any CPU.Build.0 = Release|Any CPU
		{B6F1D490-BA38-4506-81FF-890B6E6DC479}.Debug|Any CPU.ActiveCfg = Debug|Any CPU
		{B6F1D490-BA38-4506-81FF-890B6E6DC479}.Debug|Any CPU.Build.0 = Debug|Any CPU
		{B6F1D490-BA38-4506-81FF-890B6E6DC479}.Release|Any CPU.ActiveCfg = Release|Any CPU
		{B6F1D490-BA38-4506-81FF-890B6E6DC479}.Release|Any CPU.Build.0 = Release|Any CPU
		{86E01EDF-BB07-4912-B256-8F92076A49B4}.Debug|Any CPU.ActiveCfg = Debug|Any CPU
		{86E01EDF-BB07-4912-B256-8F92076A49B4}.Debug|Any CPU.Build.0 = Debug|Any CPU
		{86E01EDF-BB07-4912-B256-8F92076A49B4}.Release|Any CPU.ActiveCfg = Release|Any CPU
		{86E01EDF-BB07-4912-B256-8F92076A49B4}.Release|Any CPU.Build.0 = Release|Any CPU
		{116A0627-3D2C-4558-9170-9FA75CF8E665}.Debug|Any CPU.ActiveCfg = Debug|Any CPU
		{116A0627-3D2C-4558-9170-9FA75CF8E665}.Debug|Any CPU.Build.0 = Debug|Any CPU
		{116A0627-3D2C-4558-9170-9FA75CF8E665}.Release|Any CPU.ActiveCfg = Release|Any CPU
		{116A0627-3D2C-4558-9170-9FA75CF8E665}.Release|Any CPU.Build.0 = Release|Any CPU
	EndGlobalSection
EndGlobal
